
Microsoft Visual Studio Solution File, Format Version 12.00
# Visual Studio 15
VisualStudioVersion = 15.0.28307.421
MinimumVisualStudioVersion = 10.0.40219.1
Project("{FAE04EC0-301F-11D3-BF4B-00C04F79EFBC}") = "KomSam", "KomSam\KomSam.csproj", "{7FD31979-D455-4438-8BF4-30033DF1F8F2}"
EndProject
Global
	GlobalSection(SolutionConfigurationPlatforms) = preSolution
		Debug|Any CPU = Debug|Any CPU
		Release|Any CPU = Release|Any CPU
	EndGlobalSection
	GlobalSection(ProjectConfigurationPlatforms) = postSolution
		{7FD31979-D455-4438-8BF4-30033DF1F8F2}.Debug|Any CPU.ActiveCfg = Debug|Any CPU
		{7FD31979-D455-4438-8BF4-30033DF1F8F2}.Debug|Any CPU.Build.0 = Debug|Any CPU
		{7FD31979-D455-4438-8BF4-30033DF1F8F2}.Release|Any CPU.ActiveCfg = Release|Any CPU
		{7FD31979-D455-4438-8BF4-30033DF1F8F2}.Release|Any CPU.Build.0 = Release|Any CPU
	EndGlobalSection
	GlobalSection(SolutionProperties) = preSolution
		HideSolutionNode = FALSE
	EndGlobalSection
	GlobalSection(ExtensibilityGlobals) = postSolution
		SolutionGuid = {6230FC4E-7AA1-45A6-85FF-03D2FF8EF5FF}
	EndGlobalSection
EndGlobal
